{
  "name": "boilerplate",
  "version": "1.0.0",
  "lockfileVersion": 1,
  "requires": true,
  "dependencies": {
    "@uirouter/angularjs": {
      "version": "1.0.13",
      "resolved": "https://registry.npmjs.org/@uirouter/angularjs/-/angularjs-1.0.13.tgz",
      "integrity": "sha512-SXsJJRgOkTZrugV1KOR8RDnXHCLY+DYFYCZYsGZpVuotrsuIPNIXNjLvbiYDlRaj9vwIMksPUeLrCoM0I1v8hw==",
      "requires": {
        "@uirouter/core": "5.0.14"
      },
      "dependencies": {
        "@uirouter/core": {
          "version": "5.0.14",
          "resolved": "https://registry.npmjs.org/@uirouter/core/-/core-5.0.14.tgz",
          "integrity": "sha512-wfNpvwmaVj4FU1QFtQRrr4xKtd79iA/O7Qf+prLCEZFFeBoKteBPxNmzsiD5lQXHhTK23WVabQ11lHsSincsjg=="
        }
      }
    },
    "angular": {
      "version": "1.6.8",
      "resolved": "https://registry.npmjs.org/angular/-/angular-1.6.8.tgz",
      "integrity": "sha512-9WErZIOw1Cu1V5Yxdvxz/6YpND8ntdP71fdPpufPFJvZodZXqCjQBYrHqEoMZreO5i84O3D/Jw/vepoFt68Azw=="
    },
    "bootstrap": {
      "version": "3.3.7",
      "resolved": "https://registry.npmjs.org/bootstrap/-/bootstrap-3.3.7.tgz",
      "integrity": "sha1-WjiTlFSfIzMIdaOxUGVldPip63E="
    }
  }
}
